
Microsoft Visual Studio Solution File, Format Version 12.00
# Visual Studio Version 17
VisualStudioVersion = 17.14.36301.6 d17.14
MinimumVisualStudioVersion = 10.0.40219.1
Project("{FAE04EC0-301F-11D3-BF4B-00C04F79EFBC}") = "Lab1", "Lab1\Lab1.csproj", "{B885373B-DDEE-464A-A8F9-F3C9BAA98898}"
EndProject
Project("{FAE04EC0-301F-11D3-BF4B-00C04F79EFBC}") = "GrpcClient", "GrpcClient\GrpcClient.csproj", "{71FE85D3-24A7-4F30-A58D-D3E52209034E}"
EndProject
Global
	GlobalSection(SolutionConfigurationPlatforms) = preSolution
		Debug|Any CPU = Debug|Any CPU
		Release|Any CPU = Release|Any CPU
	EndGlobalSection
	GlobalSection(ProjectConfigurationPlatforms) = postSolution
		{B885373B-DDEE-464A-A8F9-F3C9BAA98898}.Debug|Any CPU.ActiveCfg = Debug|Any CPU
		{B885373B-DDEE-464A-A8F9-F3C9BAA98898}.Debug|Any CPU.Build.0 = Debug|Any CPU
		{B885373B-DDEE-464A-A8F9-F3C9BAA98898}.Release|Any CPU.ActiveCfg = Release|Any CPU
		{B885373B-DDEE-464A-A8F9-F3C9BAA98898}.Release|Any CPU.Build.0 = Release|Any CPU
		{71FE85D3-24A7-4F30-A58D-D3E52209034E}.Debug|Any CPU.ActiveCfg = Debug|Any CPU
		{71FE85D3-24A7-4F30-A58D-D3E52209034E}.Debug|Any CPU.Build.0 = Debug|Any CPU
		{71FE85D3-24A7-4F30-A58D-D3E52209034E}.Release|Any CPU.ActiveCfg = Release|Any CPU
		{71FE85D3-24A7-4F30-A58D-D3E52209034E}.Release|Any CPU.Build.0 = Release|Any CPU
	EndGlobalSection
	GlobalSection(SolutionProperties) = preSolution
		HideSolutionNode = FALSE
	EndGlobalSection
	GlobalSection(ExtensibilityGlobals) = postSolution
		SolutionGuid = {0EB1A6B9-471B-454E-B6D2-CAC88F4E812E}
	EndGlobalSection
EndGlobal
